
Microsoft Visual Studio Solution File, Format Version 12.00
# Visual Studio 15
VisualStudioVersion = 15.0.28307.572
MinimumVisualStudioVersion = 10.0.40219.1
Project("{FAE04EC0-301F-11D3-BF4B-00C04F79EFBC}") = "ConsoleApp1", "ConsoleApp1\ConsoleApp1.csproj", "{0513F65F-281C-4A27-B22F-62FC753FEAAD}"
EndProject
Global
	GlobalSection(SolutionConfigurationPlatforms) = preSolution
		Debug|Any CPU = Debug|Any CPU
		Release|Any CPU = Release|Any CPU
	EndGlobalSection
	GlobalSection(ProjectConfigurationPlatforms) = postSolution
		{0513F65F-281C-4A27-B22F-62FC753FEAAD}.Debug|Any CPU.ActiveCfg = Debug|Any CPU
		{0513F65F-281C-4A27-B22F-62FC753FEAAD}.Debug|Any CPU.Build.0 = Debug|Any CPU
		{0513F65F-281C-4A27-B22F-62FC753FEAAD}.Release|Any CPU.ActiveCfg = Release|Any CPU
		{0513F65F-281C-4A27-B22F-62FC753FEAAD}.Release|Any CPU.Build.0 = Release|Any CPU
	EndGlobalSection
	GlobalSection(SolutionProperties) = preSolution
		HideSolutionNode = FALSE
	EndGlobalSection
	GlobalSection(ExtensibilityGlobals) = postSolution
		SolutionGuid = {65095C33-CF48-4C73-8A9A-BA8A029B5BEF}
	EndGlobalSection
EndGlobal
